
Microsoft Visual Studio Solution File, Format Version 12.00
# Visual Studio Version 16
VisualStudioVersion = 16.0.31129.286
MinimumVisualStudioVersion = 10.0.40219.1
Project("{8BC9CEB8-8B4A-11D0-8D11-00A0C91BC942}") = "IntroProgramming", "IntroProgramming\IntroProgramming.vcxproj", "{D432CD3A-1B8E-4270-8377-B00FA9EE902F}"
EndProject
Project("{8BC9CEB8-8B4A-11D0-8D11-00A0C91BC942}") = "IntroductionExercises", "IntroductionExercises\IntroductionExercises.vcxproj", "{327C6B18-5DD4-4BF4-BB5E-4D5C2F86B5AF}"
EndProject
Project("{8BC9CEB8-8B4A-11D0-8D11-00A0C91BC942}") = "ControlFlow", "ControlFlow\ControlFlow.vcxproj", "{964ED4B9-9E4F-43C8-9DED-3B9DB3478BDA}"
EndProject
Project("{8BC9CEB8-8B4A-11D0-8D11-00A0C91BC942}") = "ControlFlowExercises", "ControlFlowExercises\ControlFlowExercises.vcxproj", "{B7DC578D-C639-46D0-BF61-1299C076FCF9}"
EndProject
Project("{8BC9CEB8-8B4A-11D0-8D11-00A0C91BC942}") = "ControlFlowPart2", "ControlFlowPart2\ControlFlowPart2.vcxproj", "{B69E326C-64A2-4418-84D6-543DF75187C4}"
EndProject
Project("{8BC9CEB8-8B4A-11D0-8D11-00A0C91BC942}") = "LoopsPart2", "LoopsPart2\LoopsPart2.vcxproj", "{0C389518-3FE9-43A5-ABC9-36FE7F43B031}"
EndProject
Project("{8BC9CEB8-8B4A-11D0-8D11-00A0C91BC942}") = "FunctionsApplication", "FunctionsApplication\FunctionsApplication.vcxproj", "{86CF545C-B83D-46B6-9EBD-C64B95530F69}"
EndProject
Project("{8BC9CEB8-8B4A-11D0-8D11-00A0C91BC942}") = "LoopAndFunctionExercises", "LoopAndFunctionExercises\LoopAndFunctionExercises.vcxproj", "{00481079-9F31-473E-88E3-F8B1CCEBB797}"
EndProject
Global
	GlobalSection(SolutionConfigurationPlatforms) = preSolution
		Debug|x64 = Debug|x64
		Debug|x86 = Debug|x86
		Release|x64 = Release|x64
		Release|x86 = Release|x86
	EndGlobalSection
	GlobalSection(ProjectConfigurationPlatforms) = postSolution
		{D432CD3A-1B8E-4270-8377-B00FA9EE902F}.Debug|x64.ActiveCfg = Debug|x64
		{D432CD3A-1B8E-4270-8377-B00FA9EE902F}.Debug|x64.Build.0 = Debug|x64
		{D432CD3A-1B8E-4270-8377-B00FA9EE902F}.Debug|x86.ActiveCfg = Debug|Win32
		{D432CD3A-1B8E-4270-8377-B00FA9EE902F}.Debug|x86.Build.0 = Debug|Win32
		{D432CD3A-1B8E-4270-8377-B00FA9EE902F}.Release|x64.ActiveCfg = Release|x64
		{D432CD3A-1B8E-4270-8377-B00FA9EE902F}.Release|x64.Build.0 = Release|x64
		{D432CD3A-1B8E-4270-8377-B00FA9EE902F}.Release|x86.ActiveCfg = Release|Win32
		{D432CD3A-1B8E-4270-8377-B00FA9EE902F}.Release|x86.Build.0 = Release|Win32
		{327C6B18-5DD4-4BF4-BB5E-4D5C2F86B5AF}.Debug|x64.ActiveCfg = Debug|x64
		{327C6B18-5DD4-4BF4-BB5E-4D5C2F86B5AF}.Debug|x64.Build.0 = Debug|x64
		{327C6B18-5DD4-4BF4-BB5E-4D5C2F86B5AF}.Debug|x86.ActiveCfg = Debug|Win32
		{327C6B18-5DD4-4BF4-BB5E-4D5C2F86B5AF}.Debug|x86.Build.0 = Debug|Win32
		{327C6B18-5DD4-4BF4-BB5E-4D5C2F86B5AF}.Release|x64.ActiveCfg = Release|x64
		{327C6B18-5DD4-4BF4-BB5E-4D5C2F86B5AF}.Release|x64.Build.0 = Release|x64
		{327C6B18-5DD4-4BF4-BB5E-4D5C2F86B5AF}.Release|x86.ActiveCfg = Release|Win32
		{327C6B18-5DD4-4BF4-BB5E-4D5C2F86B5AF}.Release|x86.Build.0 = Release|Win32
		{964ED4B9-9E4F-43C8-9DED-3B9DB3478BDA}.Debug|x64.ActiveCfg = Debug|x64
		{964ED4B9-9E4F-43C8-9DED-3B9DB3478BDA}.Debug|x64.Build.0 = Debug|x64
		{964ED4B9-9E4F-43C8-9DED-3B9DB3478BDA}.Debug|x86.ActiveCfg = Debug|Win32
		{964ED4B9-9E4F-43C8-9DED-3B9DB3478BDA}.Debug|x86.Build.0 = Debug|Win32
		{964ED4B9-9E4F-43C8-9DED-3B9DB3478BDA}.Release|x64.ActiveCfg = Release|x64
		{964ED4B9-9E4F-43C8-9DED-3B9DB3478BDA}.Release|x64.Build.0 = Release|x64
		{964ED4B9-9E4F-43C8-9DED-3B9DB3478BDA}.Release|x86.ActiveCfg = Release|Win32
		{964ED4B9-9E4F-43C8-9DED-3B9DB3478BDA}.Release|x86.Build.0 = Release|Win32
		{B7DC578D-C639-46D0-BF61-1299C076FCF9}.Debug|x64.ActiveCfg = Debug|x64
		{B7DC578D-C639-46D0-BF61-1299C076FCF9}.Debug|x64.Build.0 = Debug|x64
		{B7DC578D-C639-46D0-BF61-1299C076FCF9}.Debug|x86.ActiveCfg = Debug|Win32
		{B7DC578D-C639-46D0-BF61-1299C076FCF9}.Debug|x86.Build.0 = Debug|Win32
		{B7DC578D-C639-46D0-BF61-1299C076FCF9}.Release|x64.ActiveCfg = Release|x64
		{B7DC578D-C639-46D0-BF61-1299C076FCF9}.Release|x64.Build.0 = Release|x64
		{B7DC578D-C639-46D0-BF61-1299C076FCF9}.Release|x86.ActiveCfg = Release|Win32
		{B7DC578D-C639-46D0-BF61-1299C076FCF9}.Release|x86.Build.0 = Release|Win32
		{B69E326C-64A2-4418-84D6-543DF75187C4}.Debug|x64.ActiveCfg = Debug|x64
		{B69E326C-64A2-4418-84D6-543DF75187C4}.Debug|x64.Build.0 = Debug|x64
		{B69E326C-64A2-4418-84D6-543DF75187C4}.Debug|x86.ActiveCfg = Debug|Win32
		{B69E326C-64A2-4418-84D6-543DF75187C4}.Debug|x86.Build.0 = Debug|Win32
		{B69E326C-64A2-4418-84D6-543DF75187C4}.Release|x64.ActiveCfg = Release|x64
		{B69E326C-64A2-4418-84D6-543DF75187C4}.Release|x64.Build.0 = Release|x64
		{B69E326C-64A2-4418-84D6-543DF75187C4}.Release|x86.ActiveCfg = Release|Win32
		{B69E326C-64A2-4418-84D6-543DF75187C4}.Release|x86.Build.0 = Release|Win32
		{0C389518-3FE9-43A5-ABC9-36FE7F43B031}.Debug|x64.ActiveCfg = Debug|x64
		{0C389518-3FE9-43A5-ABC9-36FE7F43B031}.Debug|x64.Build.0 = Debug|x64
		{0C389518-3FE9-43A5-ABC9-36FE7F43B031}.Debug|x86.ActiveCfg = Debug|Win32
		{0C389518-3FE9-43A5-ABC9-36FE7F43B031}.Debug|x86.Build.0 = Debug|Win32
		{0C389518-3FE9-43A5-ABC9-36FE7F43B031}.Release|x64.ActiveCfg = Release|x64
		{0C389518-3FE9-43A5-ABC9-36FE7F43B031}.Release|x64.Build.0 = Release|x64
		{0C389518-3FE9-43A5-ABC9-36FE7F43B031}.Release|x86.ActiveCfg = Release|Win32
		{0C389518-3FE9-43A5-ABC9-36FE7F43B031}.Release|x86.Build.0 = Release|Win32
		{86CF545C-B83D-46B6-9EBD-C64B95530F69}.Debug|x64.ActiveCfg = Debug|x64
		{86CF545C-B83D-46B6-9EBD-C64B95530F69}.Debug|x64.Build.0 = Debug|x64
		{86CF545C-B83D-46B6-9EBD-C64B95530F69}.Debug|x86.ActiveCfg = Debug|Win32
		{86CF545C-B83D-46B6-9EBD-C64B95530F69}.Debug|x86.Build.0 = Debug|Win32
		{86CF545C-B83D-46B6-9EBD-C64B95530F69}.Release|x64.ActiveCfg = Release|x64
		{86CF545C-B83D-46B6-9EBD-C64B95530F69}.Release|x64.Build.0 = Release|x64
		{86CF545C-B83D-46B6-9EBD-C64B95530F69}.Release|x86.ActiveCfg = Release|Win32
		{86CF545C-B83D-46B6-9EBD-C64B95530F69}.Release|x86.Build.0 = Release|Win32
		{00481079-9F31-473E-88E3-F8B1CCEBB797}.Debug|x64.ActiveCfg = Debug|x64
		{00481079-9F31-473E-88E3-F8B1CCEBB797}.Debug|x64.Build.0 = Debug|x64
		{00481079-9F31-473E-88E3-F8B1CCEBB797}.Debug|x86.ActiveCfg = Debug|Win32
		{00481079-9F31-473E-88E3-F8B1CCEBB797}.Debug|x86.Build.0 = Debug|Win32
		{00481079-9F31-473E-88E3-F8B1CCEBB797}.Release|x64.ActiveCfg = Release|x64
		{00481079-9F31-473E-88E3-F8B1CCEBB797}.Release|x64.Build.0 = Release|x64
		{00481079-9F31-473E-88E3-F8B1CCEBB797}.Release|x86.ActiveCfg = Release|Win32
		{00481079-9F31-473E-88E3-F8B1CCEBB797}.Release|x86.Build.0 = Release|Win32
	EndGlobalSection
	GlobalSection(SolutionProperties) = preSolution
		HideSolutionNode = FALSE
	EndGlobalSection
	GlobalSection(ExtensibilityGlobals) = postSolution
		SolutionGuid = {206242F0-90F7-4A61-ADC0-C26526333D5D}
	EndGlobalSection
EndGlobal
